
Microsoft Visual Studio Solution File, Format Version 12.00
# Visual Studio Version 17
VisualStudioVersion = 17.9.34622.214
MinimumVisualStudioVersion = 10.0.40219.1
Project("{9A19103F-16F7-4668-BE54-9A1E7A4F7556}") = "EnumEx", "src\EnumEx.csproj", "{6C08D1B2-D547-468A-A394-F8636AB9271A}"
EndProject
Project("{FAE04EC0-301F-11D3-BF4B-00C04F79EFBC}") = "ConsoleApp1", "example\ConsoleApp1\ConsoleApp1.csproj", "{DA12A92A-6CC5-4326-97F9-276922364678}"
EndProject
Global
	GlobalSection(SolutionConfigurationPlatforms) = preSolution
		Debug|Any CPU = Debug|Any CPU
		Release|Any CPU = Release|Any CPU
	EndGlobalSection
	GlobalSection(ProjectConfigurationPlatforms) = postSolution
		{6C08D1B2-D547-468A-A394-F8636AB9271A}.Debug|Any CPU.ActiveCfg = Debug|Any CPU
		{6C08D1B2-D547-468A-A394-F8636AB9271A}.Debug|Any CPU.Build.0 = Debug|Any CPU
		{6C08D1B2-D547-468A-A394-F8636AB9271A}.Release|Any CPU.ActiveCfg = Release|Any CPU
		{6C08D1B2-D547-468A-A394-F8636AB9271A}.Release|Any CPU.Build.0 = Release|Any CPU
		{DA12A92A-6CC5-4326-97F9-276922364678}.Debug|Any CPU.ActiveCfg = Debug|Any CPU
		{DA12A92A-6CC5-4326-97F9-276922364678}.Debug|Any CPU.Build.0 = Debug|Any CPU
		{DA12A92A-6CC5-4326-97F9-276922364678}.Release|Any CPU.ActiveCfg = Release|Any CPU
		{DA12A92A-6CC5-4326-97F9-276922364678}.Release|Any CPU.Build.0 = Release|Any CPU
	EndGlobalSection
	GlobalSection(SolutionProperties) = preSolution
		HideSolutionNode = FALSE
	EndGlobalSection
	GlobalSection(ExtensibilityGlobals) = postSolution
		SolutionGuid = {9844F597-DBE2-4DD7-AEB7-4130E0C4277D}
	EndGlobalSection
EndGlobal
